// !$*UTF8*$!
{
	archiveVersion = 1;
	classes = {
	};
	objectVersion = 50;
	objects = {

/* Begin PBXBuildFile section */
		299176EA224867A900158FA6 /* AppDelegate.swift in Sources */ = {isa = PBXBuildFile; fileRef = 299176E9224867A900158FA6 /* AppDelegate.swift */; };
		299176EC224867A900158FA6 /* HomeVC.swift in Sources */ = {isa = PBXBuildFile; fileRef = 299176EB224867A900158FA6 /* HomeVC.swift */; };
		299176EF224867A900158FA6 /* Main.storyboard in Resources */ = {isa = PBXBuildFile; fileRef = 299176ED224867A900158FA6 /* Main.storyboard */; };
		299176F2224867A900158FA6 /* weather_app.xcdatamodeld in Sources */ = {isa = PBXBuildFile; fileRef = 299176F0224867A900158FA6 /* weather_app.xcdatamodeld */; };
		299176F4224867AA00158FA6 /* Assets.xcassets in Resources */ = {isa = PBXBuildFile; fileRef = 299176F3224867AA00158FA6 /* Assets.xcassets */; };
		299176F7224867AA00158FA6 /* LaunchScreen.storyboard in Resources */ = {isa = PBXBuildFile; fileRef = 299176F5224867AA00158FA6 /* LaunchScreen.storyboard */; };
		29917702224867AA00158FA6 /* weather_appTests.swift in Sources */ = {isa = PBXBuildFile; fileRef = 29917701224867AA00158FA6 /* weather_appTests.swift */; };
		29917712224881EB00158FA6 /* SearchVC.swift in Sources */ = {isa = PBXBuildFile; fileRef = 29917711224881EB00158FA6 /* SearchVC.swift */; };
		29917714224881FE00158FA6 /* Service.swift in Sources */ = {isa = PBXBuildFile; fileRef = 29917713224881FE00158FA6 /* Service.swift */; };
		299177162248826E00158FA6 /* Weather.swift in Sources */ = {isa = PBXBuildFile; fileRef = 299177152248826E00158FA6 /* Weather.swift */; };
		299177182248842A00158FA6 /* CityCell.swift in Sources */ = {isa = PBXBuildFile; fileRef = 299177172248842A00158FA6 /* CityCell.swift */; };
		2991771B22489FFD00158FA6 /* WeatherProtocol.swift in Sources */ = {isa = PBXBuildFile; fileRef = 2991771A22489FFD00158FA6 /* WeatherProtocol.swift */; };
		58B3AE8BBB5C550F5B64C5FF /* Pods_weather_appTests.framework in Frameworks */ = {isa = PBXBuildFile; fileRef = 7B2F7B0F075909E7261E8663 /* Pods_weather_appTests.framework */; };
		9586179F65285551676A5F94 /* Pods_weather_app.framework in Frameworks */ = {isa = PBXBuildFile; fileRef = 6FEC7BA921D19B26C51969D4 /* Pods_weather_app.framework */; };
/* End PBXBuildFile section */

/* Begin PBXContainerItemProxy section */
		299176FE224867AA00158FA6 /* PBXContainerItemProxy */ = {
			isa = PBXContainerItemProxy;
			containerPortal = 299176DE224867A800158FA6 /* Project object */;
			proxyType = 1;
			remoteGlobalIDString = 299176E5224867A900158FA6;
			remoteInfo = "weather-app";
		};
/* End PBXContainerItemProxy section */

/* Begin PBXFileReference section */
		299176E6224867A900158FA6 /* weather-app.app */ = {isa = PBXFileReference; explicitFileType = wrapper.application; includeInIndex = 0; path = "weather-app.app"; sourceTree = BUILT_PRODUCTS_DIR; };
		299176E9224867A900158FA6 /* AppDelegate.swift */ = {isa = PBXFileReference; lastKnownFileType = sourcecode.swift; path = AppDelegate.swift; sourceTree = "<group>"; };
		299176EB224867A900158FA6 /* HomeVC.swift */ = {isa = PBXFileReference; lastKnownFileType = sourcecode.swift; path = HomeVC.swift; sourceTree = "<group>"; };
		299176EE224867A900158FA6 /* Base */ = {isa = PBXFileReference; lastKnownFileType = file.storyboard; name = Base; path = Base.lproj/Main.storyboard; sourceTree = "<group>"; };
		299176F1224867A900158FA6 /* weather_app.xcdatamodel */ = {isa = PBXFileReference; lastKnownFileType = wrapper.xcdatamodel; path = weather_app.xcdatamodel; sourceTree = "<group>"; };
		299176F3224867AA00158FA6 /* Assets.xcassets */ = {isa = PBXFileReference; lastKnownFileType = folder.assetcatalog; path = Assets.xcassets; sourceTree = "<group>"; };
		299176F6224867AA00158FA6 /* Base */ = {isa = PBXFileReference; lastKnownFileType = file.storyboard; name = Base; path = Base.lproj/LaunchScreen.storyboard; sourceTree = "<group>"; };
		299176F8224867AA00158FA6 /* Info.plist */ = {isa = PBXFileReference; lastKnownFileType = text.plist.xml; path = Info.plist; sourceTree = "<group>"; };
		299176FD224867AA00158FA6 /* weather-appTests.xctest */ = {isa = PBXFileReference; explicitFileType = wrapper.cfbundle; includeInIndex = 0; path = "weather-appTests.xctest"; sourceTree = BUILT_PRODUCTS_DIR; };
		29917701224867AA00158FA6 /* weather_appTests.swift */ = {isa = PBXFileReference; lastKnownFileType = sourcecode.swift; path = weather_appTests.swift; sourceTree = "<group>"; };
		29917703224867AA00158FA6 /* Info.plist */ = {isa = PBXFileReference; lastKnownFileType = text.plist.xml; path = Info.plist; sourceTree = "<group>"; };
		29917711224881EB00158FA6 /* SearchVC.swift */ = {isa = PBXFileReference; lastKnownFileType = sourcecode.swift; path = SearchVC.swift; sourceTree = "<group>"; };
		29917713224881FE00158FA6 /* Service.swift */ = {isa = PBXFileReference; lastKnownFileType = sourcecode.swift; path = Service.swift; sourceTree = "<group>"; };
		299177152248826E00158FA6 /* Weather.swift */ = {isa = PBXFileReference; lastKnownFileType = sourcecode.swift; path = Weather.swift; sourceTree = "<group>"; };
		299177172248842A00158FA6 /* CityCell.swift */ = {isa = PBXFileReference; lastKnownFileType = sourcecode.swift; path = CityCell.swift; sourceTree = "<group>"; };
		2991771A22489FFD00158FA6 /* WeatherProtocol.swift */ = {isa = PBXFileReference; lastKnownFileType = sourcecode.swift; path = WeatherProtocol.swift; sourceTree = "<group>"; };
		6EA9942794F0F229D6CACB0D /* Pods-weather-appTests.debug.xcconfig */ = {isa = PBXFileReference; includeInIndex = 1; lastKnownFileType = text.xcconfig; name = "Pods-weather-appTests.debug.xcconfig"; path = "Pods/Target Support Files/Pods-weather-appTests/Pods-weather-appTests.debug.xcconfig"; sourceTree = "<group>"; };
		6FEC7BA921D19B26C51969D4 /* Pods_weather_app.framework */ = {isa = PBXFileReference; explicitFileType = wrapper.framework; includeInIndex = 0; path = Pods_weather_app.framework; sourceTree = BUILT_PRODUCTS_DIR; };
		7B2F7B0F075909E7261E8663 /* Pods_weather_appTests.framework */ = {isa = PBXFileReference; explicitFileType = wrapper.framework; includeInIndex = 0; path = Pods_weather_appTests.framework; sourceTree = BUILT_PRODUCTS_DIR; };
		B70AC94D2133179EBA283CE4 /* Pods-weather-app.debug.xcconfig */ = {isa = PBXFileReference; includeInIndex = 1; lastKnownFileType = text.xcconfig; name = "Pods-weather-app.debug.xcconfig"; path = "Pods/Target Support Files/Pods-weather-app/Pods-weather-app.debug.xcconfig"; sourceTree = "<group>"; };
		D26E2D2BB45EE29B28CF20F7 /* Pods-weather-appTests.release.xcconfig */ = {isa = PBXFileReference; includeInIndex = 1; lastKnownFileType = text.xcconfig; name = "Pods-weather-appTests.release.xcconfig"; path = "Pods/Target Support Files/Pods-weather-appTests/Pods-weather-appTests.release.xcconfig"; sourceTree = "<group>"; };
		EE7EAB805EAAA6E1DF703300 /* Pods-weather-app.release.xcconfig */ = {isa = PBXFileReference; includeInIndex = 1; lastKnownFileType = text.xcconfig; name = "Pods-weather-app.release.xcconfig"; path = "Pods/Target Support Files/Pods-weather-app/Pods-weather-app.release.xcconfig"; sourceTree = "<group>"; };
/* End PBXFileReference section */

/* Begin PBXFrameworksBuildPhase section */
		299176E3224867A900158FA6 /* Frameworks */ = {
			isa = PBXFrameworksBuildPhase;
			buildActionMask = 2147483647;
			files = (
				9586179F65285551676A5F94 /* Pods_weather_app.framework in Frameworks */,
			);
			runOnlyForDeploymentPostprocessing = 0;
		};
		299176FA224867AA00158FA6 /* Frameworks */ = {
			isa = PBXFrameworksBuildPhase;
			buildActionMask = 2147483647;
			files = (
				58B3AE8BBB5C550F5B64C5FF /* Pods_weather_appTests.framework in Frameworks */,
			);
			runOnlyForDeploymentPostprocessing = 0;
		};
/* End PBXFrameworksBuildPhase section */

/* Begin PBXGroup section */
		299176DD224867A800158FA6 = {
			isa = PBXGroup;
			children = (
				299176E8224867A900158FA6 /* weather-app */,
				29917700224867AA00158FA6 /* weather-appTests */,
				299176E7224867A900158FA6 /* Products */,
				FC2B953961D89074C4ADE395 /* Pods */,
				C17528ACB06336DB4D9E72C8 /* Frameworks */,
			);
			sourceTree = "<group>";
		};
		299176E7224867A900158FA6 /* Products */ = {
			isa = PBXGroup;
			children = (
				299176E6224867A900158FA6 /* weather-app.app */,
				299176FD224867AA00158FA6 /* weather-appTests.xctest */,
			);
			name = Products;
			sourceTree = "<group>";
		};
		299176E8224867A900158FA6 /* weather-app */ = {
			isa = PBXGroup;
			children = (
				2991771922489FED00158FA6 /* Protocol */,
				29917710224881AC00158FA6 /* Model */,
				2991770F224881A000158FA6 /* View */,
				2991770E2248819900158FA6 /* Controller */,
				2991770C2248818800158FA6 /* Services */,
				299176E9224867A900158FA6 /* AppDelegate.swift */,
				299176ED224867A900158FA6 /* Main.storyboard */,
				299176F3224867AA00158FA6 /* Assets.xcassets */,
				299176F5224867AA00158FA6 /* LaunchScreen.storyboard */,
				299176F8224867AA00158FA6 /* Info.plist */,
				299176F0224867A900158FA6 /* weather_app.xcdatamodeld */,
			);
			path = "weather-app";
			sourceTree = "<group>";
		};
		29917700224867AA00158FA6 /* weather-appTests */ = {
			isa = PBXGroup;
			children = (
				29917701224867AA00158FA6 /* weather_appTests.swift */,
				29917703224867AA00158FA6 /* Info.plist */,
			);
			path = "weather-appTests";
			sourceTree = "<group>";
		};
		2991770C2248818800158FA6 /* Services */ = {
			isa = PBXGroup;
			children = (
				29917713224881FE00158FA6 /* Service.swift */,
			);
			path = Services;
			sourceTree = "<group>";
		};
		2991770E2248819900158FA6 /* Controller */ = {
			isa = PBXGroup;
			children = (
				299176EB224867A900158FA6 /* HomeVC.swift */,
				29917711224881EB00158FA6 /* SearchVC.swift */,
			);
			path = Controller;
			sourceTree = "<group>";
		};
		2991770F224881A000158FA6 /* View */ = {
			isa = PBXGroup;
			children = (
				299177172248842A00158FA6 /* CityCell.swift */,
			);
			path = View;
			sourceTree = "<group>";
		};
		29917710224881AC00158FA6 /* Model */ = {
			isa = PBXGroup;
			children = (
				299177152248826E00158FA6 /* Weather.swift */,
			);
			path = Model;
			sourceTree = "<group>";
		};
		2991771922489FED00158FA6 /* Protocol */ = {
			isa = PBXGroup;
			children = (
				2991771A22489FFD00158FA6 /* WeatherProtocol.swift */,
			);
			path = Protocol;
			sourceTree = "<group>";
		};
		C17528ACB06336DB4D9E72C8 /* Frameworks */ = {
			isa = PBXGroup;
			children = (
				6FEC7BA921D19B26C51969D4 /* Pods_weather_app.framework */,
				7B2F7B0F075909E7261E8663 /* Pods_weather_appTests.framework */,
			);
			name = Frameworks;
			sourceTree = "<group>";
		};
		FC2B953961D89074C4ADE395 /* Pods */ = {
			isa = PBXGroup;
			children = (
				B70AC94D2133179EBA283CE4 /* Pods-weather-app.debug.xcconfig */,
				EE7EAB805EAAA6E1DF703300 /* Pods-weather-app.release.xcconfig */,
				6EA9942794F0F229D6CACB0D /* Pods-weather-appTests.debug.xcconfig */,
				D26E2D2BB45EE29B28CF20F7 /* Pods-weather-appTests.release.xcconfig */,
			);
			name = Pods;
			sourceTree = "<group>";
		};
/* End PBXGroup section */

/* Begin PBXNativeTarget section */
		299176E5224867A900158FA6 /* weather-app */ = {
			isa = PBXNativeTarget;
			buildConfigurationList = 29917706224867AA00158FA6 /* Build configuration list for PBXNativeTarget "weather-app" */;
			buildPhases = (
				4E0124B71EBEB626DE79AFE5 /* [CP] Check Pods Manifest.lock */,
				299176E2224867A900158FA6 /* Sources */,
				299176E3224867A900158FA6 /* Frameworks */,
				299176E4224867A900158FA6 /* Resources */,
				5948380541010CE0A8620399 /* [CP] Embed Pods Frameworks */,
			);
			buildRules = (
			);
			dependencies = (
			);
			name = "weather-app";
			productName = "weather-app";
			productReference = 299176E6224867A900158FA6 /* weather-app.app */;
			productType = "com.apple.product-type.application";
		};
		299176FC224867AA00158FA6 /* weather-appTests */ = {
			isa = PBXNativeTarget;
			buildConfigurationList = 29917709224867AA00158FA6 /* Build configuration list for PBXNativeTarget "weather-appTests" */;
			buildPhases = (
				719BBA2CB0D851363C8CF009 /* [CP] Check Pods Manifest.lock */,
				299176F9224867AA00158FA6 /* Sources */,
				299176FA224867AA00158FA6 /* Frameworks */,
				299176FB224867AA00158FA6 /* Resources */,
			);
			buildRules = (
			);
			dependencies = (
				299176FF224867AA00158FA6 /* PBXTargetDependency */,
			);
			name = "weather-appTests";
			productName = "weather-appTests";
			productReference = 299176FD224867AA00158FA6 /* weather-appTests.xctest */;
			productType = "com.apple.product-type.bundle.unit-test";
		};
/* End PBXNativeTarget section */

/* Begin PBXProject section */
		299176DE224867A800158FA6 /* Project object */ = {
			isa = PBXProject;
			attributes = {
				LastSwiftUpdateCheck = 1010;
				LastUpgradeCheck = 1010;
				ORGANIZATIONNAME = "BCC FILKOM";
				TargetAttributes = {
					299176E5224867A900158FA6 = {
						CreatedOnToolsVersion = 10.1;
					};
					299176FC224867AA00158FA6 = {
						CreatedOnToolsVersion = 10.1;
						TestTargetID = 299176E5224867A900158FA6;
					};
				};
			};
			buildConfigurationList = 299176E1224867A800158FA6 /* Build configuration list for PBXProject "weather-app" */;
			compatibilityVersion = "Xcode 9.3";
			developmentRegion = en;
			hasScannedForEncodings = 0;
			knownRegions = (
				en,
				Base,
			);
			mainGroup = 299176DD224867A800158FA6;
			productRefGroup = 299176E7224867A900158FA6 /* Products */;
			projectDirPath = "";
			projectRoot = "";
			targets = (
				299176E5224867A900158FA6 /* weather-app */,
				299176FC224867AA00158FA6 /* weather-appTests */,
			);
		};
/* End PBXProject section */

/* Begin PBXResourcesBuildPhase section */
		299176E4224867A900158FA6 /* Resources */ = {
			isa = PBXResourcesBuildPhase;
			buildActionMask = 2147483647;
			files = (
				299176F7224867AA00158FA6 /* LaunchScreen.storyboard in Resources */,
				299176F4224867AA00158FA6 /* Assets.xcassets in Resources */,
				299176EF224867A900158FA6 /* Main.storyboard in Resources */,
			);
			runOnlyForDeploymentPostprocessing = 0;
		};
		299176FB224867AA00158FA6 /* Resources */ = {
			isa = PBXResourcesBuildPhase;
			buildActionMask = 2147483647;
			files = (
			);
			runOnlyForDeploymentPostprocessing = 0;
		};
/* End PBXResourcesBuildPhase section */

/* Begin PBXShellScriptBuildPhase section */
		4E0124B71EBEB626DE79AFE5 /* [CP] Check Pods Manifest.lock */ = {
			isa = PBXShellScriptBuildPhase;
			buildActionMask = 2147483647;
			files = (
			);
			inputFileListPaths = (
			);
			inputPaths = (
				"${PODS_PODFILE_DIR_PATH}/Podfile.lock",
				"${PODS_ROOT}/Manifest.lock",
			);
			name = "[CP] Check Pods Manifest.lock";
			outputFileListPaths = (
			);
			outputPaths = (
				"$(DERIVED_FILE_DIR)/Pods-weather-app-checkManifestLockResult.txt",
			);
			runOnlyForDeploymentPostprocessing = 0;
			shellPath = /bin/sh;
			shellScript = "diff \"${PODS_PODFILE_DIR_PATH}/Podfile.lock\" \"${PODS_ROOT}/Manifest.lock\" > /dev/null\nif [ $? != 0 ] ; then\n    # print error to STDERR\n    echo \"error: The sandbox is not in sync with the Podfile.lock. Run 'pod install' or update your CocoaPods installation.\" >&2\n    exit 1\nfi\n# This output is used by Xcode 'outputs' to avoid re-running this script phase.\necho \"SUCCESS\" > \"${SCRIPT_OUTPUT_FILE_0}\"\n";
			showEnvVarsInLog = 0;
		};
		5948380541010CE0A8620399 /* [CP] Embed Pods Frameworks */ = {
			isa = PBXShellScriptBuildPhase;
			buildActionMask = 2147483647;
			files = (
			);
			inputFileListPaths = (
			);
			inputPaths = (
				"${SRCROOT}/Pods/Target Support Files/Pods-weather-app/Pods-weather-app-frameworks.sh",
				"${BUILT_PRODUCTS_DIR}/Alamofire/Alamofire.framework",
				"${BUILT_PRODUCTS_DIR}/SwiftyJSON/SwiftyJSON.framework",
			);
			name = "[CP] Embed Pods Frameworks";
			outputFileListPaths = (
			);
			outputPaths = (
				"${TARGET_BUILD_DIR}/${FRAMEWORKS_FOLDER_PATH}/Alamofire.framework",
				"${TARGET_BUILD_DIR}/${FRAMEWORKS_FOLDER_PATH}/SwiftyJSON.framework",
			);
			runOnlyForDeploymentPostprocessing = 0;
			shellPath = /bin/sh;
			shellScript = "\"${SRCROOT}/Pods/Target Support Files/Pods-weather-app/Pods-weather-app-frameworks.sh\"\n";
			showEnvVarsInLog = 0;
		};
		719BBA2CB0D851363C8CF009 /* [CP] Check Pods Manifest.lock */ = {
			isa = PBXShellScriptBuildPhase;
			buildActionMask = 2147483647;
			files = (
			);
			inputFileListPaths = (
			);
			inputPaths = (
				"${PODS_PODFILE_DIR_PATH}/Podfile.lock",
				"${PODS_ROOT}/Manifest.lock",
			);
			name = "[CP] Check Pods Manifest.lock";
			outputFileListPaths = (
			);
			outputPaths = (
				"$(DERIVED_FILE_DIR)/Pods-weather-appTests-checkManifestLockResult.txt",
			);
			runOnlyForDeploymentPostprocessing = 0;
			shellPath = /bin/sh;
			shellScript = "diff \"${PODS_PODFILE_DIR_PATH}/Podfile.lock\" \"${PODS_ROOT}/Manifest.lock\" > /dev/null\nif [ $? != 0 ] ; then\n    # print error to STDERR\n    echo \"error: The sandbox is not in sync with the Podfile.lock. Run 'pod install' or update your CocoaPods installation.\" >&2\n    exit 1\nfi\n# This output is used by Xcode 'outputs' to avoid re-running this script phase.\necho \"SUCCESS\" > \"${SCRIPT_OUTPUT_FILE_0}\"\n";
			showEnvVarsInLog = 0;
		};
/* End PBXShellScriptBuildPhase section */

/* Begin PBXSourcesBuildPhase section */
		299176E2224867A900158FA6 /* Sources */ = {
			isa = PBXSourcesBuildPhase;
			buildActionMask = 2147483647;
			files = (
				29917712224881EB00158FA6 /* SearchVC.swift in Sources */,
				299176F2224867A900158FA6 /* weather_app.xcdatamodeld in Sources */,
				2991771B22489FFD00158FA6 /* WeatherProtocol.swift in Sources */,
				29917714224881FE00158FA6 /* Service.swift in Sources */,
				299176EC224867A900158FA6 /* HomeVC.swift in Sources */,
				299177162248826E00158FA6 /* Weather.swift in Sources */,
				299177182248842A00158FA6 /* CityCell.swift in Sources */,
				299176EA224867A900158FA6 /* AppDelegate.swift in Sources */,
			);
			runOnlyForDeploymentPostprocessing = 0;
		};
		299176F9224867AA00158FA6 /* Sources */ = {
			isa = PBXSourcesBuildPhase;
			buildActionMask = 2147483647;
			files = (
				29917702224867AA00158FA6 /* weather_appTests.swift in Sources */,
			);
			runOnlyForDeploymentPostprocessing = 0;
		};
/* End PBXSourcesBuildPhase section */

/* Begin PBXTargetDependency section */
		299176FF224867AA00158FA6 /* PBXTargetDependency */ = {
			isa = PBXTargetDependency;
			target = 299176E5224867A900158FA6 /* weather-app */;
			targetProxy = 299176FE224867AA00158FA6 /* PBXContainerItemProxy */;
		};
/* End PBXTargetDependency section */

/* Begin PBXVariantGroup section */
		299176ED224867A900158FA6 /* Main.storyboard */ = {
			isa = PBXVariantGroup;
			children = (
				299176EE224867A900158FA6 /* Base */,
			);
			name = Main.storyboard;
			sourceTree = "<group>";
		};
		299176F5224867AA00158FA6 /* LaunchScreen.storyboard */ = {
			isa = PBXVariantGroup;
			children = (
				299176F6224867AA00158FA6 /* Base */,
			);
			name = LaunchScreen.storyboard;
			sourceTree = "<group>";
		};
/* End PBXVariantGroup section */

/* Begin XCBuildConfiguration section */
		29917704224867AA00158FA6 /* Debug */ = {
			isa = XCBuildConfiguration;
			buildSettings = {
				ALWAYS_SEARCH_USER_PATHS = NO;
				CLANG_ANALYZER_NONNULL = YES;
				CLANG_ANALYZER_NUMBER_OBJECT_CONVERSION = YES_AGGRESSIVE;
				CLANG_CXX_LANGUAGE_STANDARD = "gnu++14";
				CLANG_CXX_LIBRARY = "libc++";
				CLANG_ENABLE_MODULES = YES;
				CLANG_ENABLE_OBJC_ARC = YES;
				CLANG_ENABLE_OBJC_WEAK = YES;
				CLANG_WARN_BLOCK_CAPTURE_AUTORELEASING = YES;
				CLANG_WARN_BOOL_CONVERSION = YES;
				CLANG_WARN_COMMA = YES;
				CLANG_WARN_CONSTANT_CONVERSION = YES;
				CLANG_WARN_DEPRECATED_OBJC_IMPLEMENTATIONS = YES;
				CLANG_WARN_DIRECT_OBJC_ISA_USAGE = YES_ERROR;
				CLANG_WARN_DOCUMENTATION_COMMENTS = YES;
				CLANG_WARN_EMPTY_BODY = YES;
				CLANG_WARN_ENUM_CONVERSION = YES;
				CLANG_WARN_INFINITE_RECURSION = YES;
				CLANG_WARN_INT_CONVERSION = YES;
				CLANG_WARN_NON_LITERAL_NULL_CONVERSION = YES;
				CLANG_WARN_OBJC_IMPLICIT_RETAIN_SELF = YES;
				CLANG_WARN_OBJC_LITERAL_CONVERSION = YES;
				CLANG_WARN_OBJC_ROOT_CLASS = YES_ERROR;
				CLANG_WARN_RANGE_LOOP_ANALYSIS = YES;
				CLANG_WARN_STRICT_PROTOTYPES = YES;
				CLANG_WARN_SUSPICIOUS_MOVE = YES;
				CLANG_WARN_UNGUARDED_AVAILABILITY = YES_AGGRESSIVE;
				CLANG_WARN_UNREACHABLE_CODE = YES;
				CLANG_WARN__DUPLICATE_METHOD_MATCH = YES;
				CODE_SIGN_IDENTITY = "iPhone Developer";
				COPY_PHASE_STRIP = NO;
				DEBUG_INFORMATION_FORMAT = dwarf;
				ENABLE_STRICT_OBJC_MSGSEND = YES;
				ENABLE_TESTABILITY = YES;
				GCC_C_LANGUAGE_STANDARD = gnu11;
				GCC_DYNAMIC_NO_PIC = NO;
				GCC_NO_COMMON_BLOCKS = YES;
				GCC_OPTIMIZATION_LEVEL = 0;
				GCC_PREPROCESSOR_DEFINITIONS = (
					"DEBUG=1",
					"$(inherited)",
				);
				GCC_WARN_64_TO_32_BIT_CONVERSION = YES;
				GCC_WARN_ABOUT_RETURN_TYPE = YES_ERROR;
				GCC_WARN_UNDECLARED_SELECTOR = YES;
				GCC_WARN_UNINITIALIZED_AUTOS = YES_AGGRESSIVE;
				GCC_WARN_UNUSED_FUNCTION = YES;
				GCC_WARN_UNUSED_VARIABLE = YES;
				IPHONEOS_DEPLOYMENT_TARGET = 12.1;
				MTL_ENABLE_DEBUG_INFO = INCLUDE_SOURCE;
				MTL_FAST_MATH = YES;
				ONLY_ACTIVE_ARCH = YES;
				SDKROOT = iphoneos;
				SWIFT_ACTIVE_COMPILATION_CONDITIONS = DEBUG;
				SWIFT_OPTIMIZATION_LEVEL = "-Onone";
			};
			name = Debug;
		};
		29917705224867AA00158FA6 /* Release */ = {
			isa = XCBuildConfiguration;
			buildSettings = {
				ALWAYS_SEARCH_USER_PATHS = NO;
				CLANG_ANALYZER_NONNULL = YES;
				CLANG_ANALYZER_NUMBER_OBJECT_CONVERSION = YES_AGGRESSIVE;
				CLANG_CXX_LANGUAGE_STANDARD = "gnu++14";
				CLANG_CXX_LIBRARY = "libc++";
				CLANG_ENABLE_MODULES = YES;
				CLANG_ENABLE_OBJC_ARC = YES;
				CLANG_ENABLE_OBJC_WEAK = YES;
				CLANG_WARN_BLOCK_CAPTURE_AUTORELEASING = YES;
				CLANG_WARN_BOOL_CONVERSION = YES;
				CLANG_WARN_COMMA = YES;
				CLANG_WARN_CONSTANT_CONVERSION = YES;
				CLANG_WARN_DEPRECATED_OBJC_IMPLEMENTATIONS = YES;
				CLANG_WARN_DIRECT_OBJC_ISA_USAGE = YES_ERROR;
				CLANG_WARN_DOCUMENTATION_COMMENTS = YES;
				CLANG_WARN_EMPTY_BODY = YES;
				CLANG_WARN_ENUM_CONVERSION = YES;
				CLANG_WARN_INFINITE_RECURSION = YES;
				CLANG_WARN_INT_CONVERSION = YES;
				CLANG_WARN_NON_LITERAL_NULL_CONVERSION = YES;
				CLANG_WARN_OBJC_IMPLICIT_RETAIN_SELF = YES;
				CLANG_WARN_OBJC_LITERAL_CONVERSION = YES;
				CLANG_WARN_OBJC_ROOT_CLASS = YES_ERROR;
				CLANG_WARN_RANGE_LOOP_ANALYSIS = YES;
				CLANG_WARN_STRICT_PROTOTYPES = YES;
				CLANG_WARN_SUSPICIOUS_MOVE = YES;
				CLANG_WARN_UNGUARDED_AVAILABILITY = YES_AGGRESSIVE;
				CLANG_WARN_UNREACHABLE_CODE = YES;
				CLANG_WARN__DUPLICATE_METHOD_MATCH = YES;
				CODE_SIGN_IDENTITY = "iPhone Developer";
				COPY_PHASE_STRIP = NO;
				DEBUG_INFORMATION_FORMAT = "dwarf-with-dsym";
				ENABLE_NS_ASSERTIONS = NO;
				ENABLE_STRICT_OBJC_MSGSEND = YES;
				GCC_C_LANGUAGE_STANDARD = gnu11;
				GCC_NO_COMMON_BLOCKS = YES;
				GCC_WARN_64_TO_32_BIT_CONVERSION = YES;
				GCC_WARN_ABOUT_RETURN_TYPE = YES_ERROR;
				GCC_WARN_UNDECLARED_SELECTOR = YES;
				GCC_WARN_UNINITIALIZED_AUTOS = YES_AGGRESSIVE;
				GCC_WARN_UNUSED_FUNCTION = YES;
				GCC_WARN_UNUSED_VARIABLE = YES;
				IPHONEOS_DEPLOYMENT_TARGET = 12.1;
				MTL_ENABLE_DEBUG_INFO = NO;
				MTL_FAST_MATH = YES;
				SDKROOT = iphoneos;
				SWIFT_COMPILATION_MODE = wholemodule;
				SWIFT_OPTIMIZATION_LEVEL = "-O";
				VALIDATE_PRODUCT = YES;
			};
			name = Release;
		};
		29917707224867AA00158FA6 /* Debug */ = {
			isa = XCBuildConfiguration;
			baseConfigurationReference = B70AC94D2133179EBA283CE4 /* Pods-weather-app.debug.xcconfig */;
			buildSettings = {
				ASSETCATALOG_COMPILER_APPICON_NAME = AppIcon;
				CODE_SIGN_STYLE = Automatic;
				INFOPLIST_FILE = "weather-app/Info.plist";
				LD_RUNPATH_SEARCH_PATHS = (
					"$(inherited)",
					"@executable_path/Frameworks",
				);
				PRODUCT_BUNDLE_IDENTIFIER = "bccfilkom.weather-app";
				PRODUCT_NAME = "$(TARGET_NAME)";
				SWIFT_VERSION = 4.2;
				TARGETED_DEVICE_FAMILY = "1,2";
			};
			name = Debug;
		};
		29917708224867AA00158FA6 /* Release */ = {
			isa = XCBuildConfiguration;
			baseConfigurationReference = EE7EAB805EAAA6E1DF703300 /* Pods-weather-app.release.xcconfig */;
			buildSettings = {
				ASSETCATALOG_COMPILER_APPICON_NAME = AppIcon;
				CODE_SIGN_STYLE = Automatic;
				INFOPLIST_FILE = "weather-app/Info.plist";
				LD_RUNPATH_SEARCH_PATHS = (
					"$(inherited)",
					"@executable_path/Frameworks",
				);
				PRODUCT_BUNDLE_IDENTIFIER = "bccfilkom.weather-app";
				PRODUCT_NAME = "$(TARGET_NAME)";
				SWIFT_VERSION = 4.2;
				TARGETED_DEVICE_FAMILY = "1,2";
			};
			name = Release;
		};
		2991770A224867AA00158FA6 /* Debug */ = {
			isa = XCBuildConfiguration;
			baseConfigurationReference = 6EA9942794F0F229D6CACB0D /* Pods-weather-appTests.debug.xcconfig */;
			buildSettings = {
				ALWAYS_EMBED_SWIFT_STANDARD_LIBRARIES = YES;
				BUNDLE_LOADER = "$(TEST_HOST)";
				CODE_SIGN_STYLE = Automatic;
				INFOPLIST_FILE = "weather-appTests/Info.plist";
				LD_RUNPATH_SEARCH_PATHS = (
					"$(inherited)",
					"@executable_path/Frameworks",
					"@loader_path/Frameworks",
				);
				PRODUCT_BUNDLE_IDENTIFIER = "bccfilkom.weather-appTests";
				PRODUCT_NAME = "$(TARGET_NAME)";
				SWIFT_VERSION = 4.2;
				TARGETED_DEVICE_FAMILY = "1,2";
				TEST_HOST = "$(BUILT_PRODUCTS_DIR)/weather-app.app/weather-app";
			};
			name = Debug;
		};
		2991770B224867AA00158FA6 /* Release */ = {
			isa = XCBuildConfiguration;
			baseConfigurationReference = D26E2D2BB45EE29B28CF20F7 /* Pods-weather-appTests.release.xcconfig */;
			buildSettings = {
				ALWAYS_EMBED_SWIFT_STANDARD_LIBRARIES = YES;
				BUNDLE_LOADER = "$(TEST_HOST)";
				CODE_SIGN_STYLE = Automatic;
				INFOPLIST_FILE = "weather-appTests/Info.plist";
				LD_RUNPATH_SEARCH_PATHS = (
					"$(inherited)",
					"@executable_path/Frameworks",
					"@loader_path/Frameworks",
				);
				PRODUCT_BUNDLE_IDENTIFIER = "bccfilkom.weather-appTests";
				PRODUCT_NAME = "$(TARGET_NAME)";
				SWIFT_VERSION = 4.2;
				TARGETED_DEVICE_FAMILY = "1,2";
				TEST_HOST = "$(BUILT_PRODUCTS_DIR)/weather-app.app/weather-app";
			};
			name = Release;
		};
/* End XCBuildConfiguration section */

/* Begin XCConfigurationList section */
		299176E1224867A800158FA6 /* Build configuration list for PBXProject "weather-app" */ = {
			isa = XCConfigurationList;
			buildConfigurations = (
				29917704224867AA00158FA6 /* Debug */,
				29917705224867AA00158FA6 /* Release */,
			);
			defaultConfigurationIsVisible = 0;
			defaultConfigurationName = Release;
		};
		29917706224867AA00158FA6 /* Build configuration list for PBXNativeTarget "weather-app" */ = {
			isa = XCConfigurationList;
			buildConfigurations = (
				29917707224867AA00158FA6 /* Debug */,
				29917708224867AA00158FA6 /* Release */,
			);
			defaultConfigurationIsVisible = 0;
			defaultConfigurationName = Release;
		};
		29917709224867AA00158FA6 /* Build configuration list for PBXNativeTarget "weather-appTests" */ = {
			isa = XCConfigurationList;
			buildConfigurations = (
				2991770A224867AA00158FA6 /* Debug */,
				2991770B224867AA00158FA6 /* Release */,
			);
			defaultConfigurationIsVisible = 0;
			defaultConfigurationName = Release;
		};
/* End XCConfigurationList section */

/* Begin XCVersionGroup section */
		299176F0224867A900158FA6 /* weather_app.xcdatamodeld */ = {
			isa = XCVersionGroup;
			children = (
				299176F1224867A900158FA6 /* weather_app.xcdatamodel */,
			);
			currentVersion = 299176F1224867A900158FA6 /* weather_app.xcdatamodel */;
			path = weather_app.xcdatamodeld;
			sourceTree = "<group>";
			versionGroupType = wrapper.xcdatamodel;
		};
/* End XCVersionGroup section */
	};
	rootObject = 299176DE224867A800158FA6 /* Project object */;
}
